
Microsoft Visual Studio Solution File, Format Version 12.00
# Visual Studio Version 17
VisualStudioVersion = 17.13.35828.75
MinimumVisualStudioVersion = 10.0.40219.1
Project("{2150E333-8FDC-42A3-9474-1A3956D46DE8}") = "Odata", "Odata", "{02EA681E-C7D8-13C7-8484-4AC65E1B71E8}"
EndProject
Project("{FAE04EC0-301F-11D3-BF4B-00C04F79EFBC}") = "Entities.Business", "Entities.Business\Entities.Business.csproj", "{1FC43C67-8970-49EB-BA00-5ADCDA1ADE88}"
EndProject
Project("{FAE04EC0-301F-11D3-BF4B-00C04F79EFBC}") = "Entites.Api", "Entites.Api\Entites.Api.csproj", "{8C6DC95A-33CB-A3FF-03E3-AA2ECC3E57AD}"
EndProject
Global
	GlobalSection(SolutionConfigurationPlatforms) = preSolution
		Debug|Any CPU = Debug|Any CPU
		Release|Any CPU = Release|Any CPU
	EndGlobalSection
	GlobalSection(ProjectConfigurationPlatforms) = postSolution
		{1FC43C67-8970-49EB-BA00-5ADCDA1ADE88}.Debug|Any CPU.ActiveCfg = Debug|Any CPU
		{1FC43C67-8970-49EB-BA00-5ADCDA1ADE88}.Debug|Any CPU.Build.0 = Debug|Any CPU
		{1FC43C67-8970-49EB-BA00-5ADCDA1ADE88}.Release|Any CPU.ActiveCfg = Release|Any CPU
		{1FC43C67-8970-49EB-BA00-5ADCDA1ADE88}.Release|Any CPU.Build.0 = Release|Any CPU
		{8C6DC95A-33CB-A3FF-03E3-AA2ECC3E57AD}.Debug|Any CPU.ActiveCfg = Debug|Any CPU
		{8C6DC95A-33CB-A3FF-03E3-AA2ECC3E57AD}.Debug|Any CPU.Build.0 = Debug|Any CPU
		{8C6DC95A-33CB-A3FF-03E3-AA2ECC3E57AD}.Release|Any CPU.ActiveCfg = Release|Any CPU
		{8C6DC95A-33CB-A3FF-03E3-AA2ECC3E57AD}.Release|Any CPU.Build.0 = Release|Any CPU
	EndGlobalSection
	GlobalSection(SolutionProperties) = preSolution
		HideSolutionNode = FALSE
	EndGlobalSection
	GlobalSection(NestedProjects) = preSolution
		{1FC43C67-8970-49EB-BA00-5ADCDA1ADE88} = {02EA681E-C7D8-13C7-8484-4AC65E1B71E8}
		{8C6DC95A-33CB-A3FF-03E3-AA2ECC3E57AD} = {02EA681E-C7D8-13C7-8484-4AC65E1B71E8}
	EndGlobalSection
	GlobalSection(ExtensibilityGlobals) = postSolution
		SolutionGuid = {1A296966-B4A2-44B1-8CB4-58FDFBA8C48E}
	EndGlobalSection
EndGlobal
